
Microsoft Visual Studio Solution File, Format Version 12.00
# Visual Studio Version 17
VisualStudioVersion = 17.0.31903.59
MinimumVisualStudioVersion = 10.0.40219.1
Project("{2150E333-8FDC-42A3-9474-1A3956D46DE8}") = "src", "src", "{827E0CD3-B72D-47B6-A68D-7590B98EB39B}"
EndProject
Project("{FAE04EC0-301F-11D3-BF4B-00C04F79EFBC}") = "NexusProxy.Core", "src\NexusProxy.Core\NexusProxy.Core.csproj", "{28EA60F9-43CC-49BA-8179-70A59147C24A}"
EndProject
Project("{FAE04EC0-301F-11D3-BF4B-00C04F79EFBC}") = "NexusProxy.Engine", "src\NexusProxy.Engine\NexusProxy.Engine.csproj", "{E30B988D-8E30-47CA-B699-4097C59C186C}"
EndProject
Project("{FAE04EC0-301F-11D3-BF4B-00C04F79EFBC}") = "NexusProxy.Server", "src\NexusProxy.Server\NexusProxy.Server.csproj", "{6CBC91D7-AF42-4717-B461-7F7EDF7DB814}"
EndProject
Project("{2150E333-8FDC-42A3-9474-1A3956D46DE8}") = "tests", "tests", "{0AB3BF05-4346-4AA6-1389-037BE0695223}"
EndProject
Project("{FAE04EC0-301F-11D3-BF4B-00C04F79EFBC}") = "NexusProxy.Tests.Unit", "tests\NexusProxy.Tests.Unit\NexusProxy.Tests.Unit.csproj", "{C0493280-C8D7-45E4-A6F1-033975AECEBC}"
EndProject
Global
	GlobalSection(SolutionConfigurationPlatforms) = preSolution
		Debug|Any CPU = Debug|Any CPU
		Debug|x64 = Debug|x64
		Debug|x86 = Debug|x86
		Release|Any CPU = Release|Any CPU
		Release|x64 = Release|x64
		Release|x86 = Release|x86
	EndGlobalSection
	GlobalSection(ProjectConfigurationPlatforms) = postSolution
		{28EA60F9-43CC-49BA-8179-70A59147C24A}.Debug|Any CPU.ActiveCfg = Debug|Any CPU
		{28EA60F9-43CC-49BA-8179-70A59147C24A}.Debug|Any CPU.Build.0 = Debug|Any CPU
		{28EA60F9-43CC-49BA-8179-70A59147C24A}.Debug|x64.ActiveCfg = Debug|Any CPU
		{28EA60F9-43CC-49BA-8179-70A59147C24A}.Debug|x64.Build.0 = Debug|Any CPU
		{28EA60F9-43CC-49BA-8179-70A59147C24A}.Debug|x86.ActiveCfg = Debug|Any CPU
		{28EA60F9-43CC-49BA-8179-70A59147C24A}.Debug|x86.Build.0 = Debug|Any CPU
		{28EA60F9-43CC-49BA-8179-70A59147C24A}.Release|Any CPU.ActiveCfg = Release|Any CPU
		{28EA60F9-43CC-49BA-8179-70A59147C24A}.Release|Any CPU.Build.0 = Release|Any CPU
		{28EA60F9-43CC-49BA-8179-70A59147C24A}.Release|x64.ActiveCfg = Release|Any CPU
		{28EA60F9-43CC-49BA-8179-70A59147C24A}.Release|x64.Build.0 = Release|Any CPU
		{28EA60F9-43CC-49BA-8179-70A59147C24A}.Release|x86.ActiveCfg = Release|Any CPU
		{28EA60F9-43CC-49BA-8179-70A59147C24A}.Release|x86.Build.0 = Release|Any CPU
		{E30B988D-8E30-47CA-B699-4097C59C186C}.Debug|Any CPU.ActiveCfg = Debug|Any CPU
		{E30B988D-8E30-47CA-B699-4097C59C186C}.Debug|Any CPU.Build.0 = Debug|Any CPU
		{E30B988D-8E30-47CA-B699-4097C59C186C}.Debug|x64.ActiveCfg = Debug|Any CPU
		{E30B988D-8E30-47CA-B699-4097C59C186C}.Debug|x64.Build.0 = Debug|Any CPU
		{E30B988D-8E30-47CA-B699-4097C59C186C}.Debug|x86.ActiveCfg = Debug|Any CPU
		{E30B988D-8E30-47CA-B699-4097C59C186C}.Debug|x86.Build.0 = Debug|Any CPU
		{E30B988D-8E30-47CA-B699-4097C59C186C}.Release|Any CPU.ActiveCfg = Release|Any CPU
		{E30B988D-8E30-47CA-B699-4097C59C186C}.Release|Any CPU.Build.0 = Release|Any CPU
		{E30B988D-8E30-47CA-B699-4097C59C186C}.Release|x64.ActiveCfg = Release|Any CPU
		{E30B988D-8E30-47CA-B699-4097C59C186C}.Release|x64.Build.0 = Release|Any CPU
		{E30B988D-8E30-47CA-B699-4097C59C186C}.Release|x86.ActiveCfg = Release|Any CPU
		{E30B988D-8E30-47CA-B699-4097C59C186C}.Release|x86.Build.0 = Release|Any CPU
		{6CBC91D7-AF42-4717-B461-7F7EDF7DB814}.Debug|Any CPU.ActiveCfg = Debug|Any CPU
		{6CBC91D7-AF42-4717-B461-7F7EDF7DB814}.Debug|Any CPU.Build.0 = Debug|Any CPU
		{6CBC91D7-AF42-4717-B461-7F7EDF7DB814}.Debug|x64.ActiveCfg = Debug|Any CPU
		{6CBC91D7-AF42-4717-B461-7F7EDF7DB814}.Debug|x64.Build.0 = Debug|Any CPU
		{6CBC91D7-AF42-4717-B461-7F7EDF7DB814}.Debug|x86.ActiveCfg = Debug|Any CPU
		{6CBC91D7-AF42-4717-B461-7F7EDF7DB814}.Debug|x86.Build.0 = Debug|Any CPU
		{6CBC91D7-AF42-4717-B461-7F7EDF7DB814}.Release|Any CPU.ActiveCfg = Release|Any CPU
		{6CBC91D7-AF42-4717-B461-7F7EDF7DB814}.Release|Any CPU.Build.0 = Release|Any CPU
		{6CBC91D7-AF42-4717-B461-7F7EDF7DB814}.Release|x64.ActiveCfg = Release|Any CPU
		{6CBC91D7-AF42-4717-B461-7F7EDF7DB814}.Release|x64.Build.0 = Release|Any CPU
		{6CBC91D7-AF42-4717-B461-7F7EDF7DB814}.Release|x86.ActiveCfg = Release|Any CPU
		{6CBC91D7-AF42-4717-B461-7F7EDF7DB814}.Release|x86.Build.0 = Release|Any CPU
		{C0493280-C8D7-45E4-A6F1-033975AECEBC}.Debug|Any CPU.ActiveCfg = Debug|Any CPU
		{C0493280-C8D7-45E4-A6F1-033975AECEBC}.Debug|Any CPU.Build.0 = Debug|Any CPU
		{C0493280-C8D7-45E4-A6F1-033975AECEBC}.Debug|x64.ActiveCfg = Debug|Any CPU
		{C0493280-C8D7-45E4-A6F1-033975AECEBC}.Debug|x64.Build.0 = Debug|Any CPU
		{C0493280-C8D7-45E4-A6F1-033975AECEBC}.Debug|x86.ActiveCfg = Debug|Any CPU
		{C0493280-C8D7-45E4-A6F1-033975AECEBC}.Debug|x86.Build.0 = Debug|Any CPU
		{C0493280-C8D7-45E4-A6F1-033975AECEBC}.Release|Any CPU.ActiveCfg = Release|Any CPU
		{C0493280-C8D7-45E4-A6F1-033975AECEBC}.Release|Any CPU.Build.0 = Release|Any CPU
		{C0493280-C8D7-45E4-A6F1-033975AECEBC}.Release|x64.ActiveCfg = Release|Any CPU
		{C0493280-C8D7-45E4-A6F1-033975AECEBC}.Release|x64.Build.0 = Release|Any CPU
		{C0493280-C8D7-45E4-A6F1-033975AECEBC}.Release|x86.ActiveCfg = Release|Any CPU
		{C0493280-C8D7-45E4-A6F1-033975AECEBC}.Release|x86.Build.0 = Release|Any CPU
	EndGlobalSection
	GlobalSection(SolutionProperties) = preSolution
		HideSolutionNode = FALSE
	EndGlobalSection
	GlobalSection(NestedProjects) = preSolution
		{28EA60F9-43CC-49BA-8179-70A59147C24A} = {827E0CD3-B72D-47B6-A68D-7590B98EB39B}
		{E30B988D-8E30-47CA-B699-4097C59C186C} = {827E0CD3-B72D-47B6-A68D-7590B98EB39B}
		{6CBC91D7-AF42-4717-B461-7F7EDF7DB814} = {827E0CD3-B72D-47B6-A68D-7590B98EB39B}
		{C0493280-C8D7-45E4-A6F1-033975AECEBC} = {0AB3BF05-4346-4AA6-1389-037BE0695223}
	EndGlobalSection
EndGlobal
